
Microsoft Visual Studio Solution File, Format Version 12.00
# Visual Studio Version 17
VisualStudioVersion = 17.4.33213.308
MinimumVisualStudioVersion = 10.0.40219.1
Project("{9A19103F-16F7-4668-BE54-9A1E7A4F7556}") = "Sales.Shared", "Sales.Shared\Sales.Shared.csproj", "{0E04AD40-72AE-4102-979B-FA27048B6BEF}"
EndProject
Project("{9A19103F-16F7-4668-BE54-9A1E7A4F7556}") = "Sales.API", "Sales.API\Sales.API.csproj", "{53CFC46C-E59D-46F9-854E-F63DEA55CB83}"
EndProject
Project("{9A19103F-16F7-4668-BE54-9A1E7A4F7556}") = "Sales.WEB", "Sales.WEB\Sales.WEB.csproj", "{2A91250C-FA99-4832-B73D-D6D3FA925803}"
EndProject
Project("{9A19103F-16F7-4668-BE54-9A1E7A4F7556}") = "Sales.Mobile", "Sales.Mobile\Sales.Mobile.csproj", "{FF2BC9FF-51A4-4995-8556-79D92A66FD31}"
EndProject
Global
	GlobalSection(SolutionConfigurationPlatforms) = preSolution
		Debug|Any CPU = Debug|Any CPU
		Release|Any CPU = Release|Any CPU
	EndGlobalSection
	GlobalSection(ProjectConfigurationPlatforms) = postSolution
		{0E04AD40-72AE-4102-979B-FA27048B6BEF}.Debug|Any CPU.ActiveCfg = Debug|Any CPU
		{0E04AD40-72AE-4102-979B-FA27048B6BEF}.Debug|Any CPU.Build.0 = Debug|Any CPU
		{0E04AD40-72AE-4102-979B-FA27048B6BEF}.Release|Any CPU.ActiveCfg = Release|Any CPU
		{0E04AD40-72AE-4102-979B-FA27048B6BEF}.Release|Any CPU.Build.0 = Release|Any CPU
		{53CFC46C-E59D-46F9-854E-F63DEA55CB83}.Debug|Any CPU.ActiveCfg = Debug|Any CPU
		{53CFC46C-E59D-46F9-854E-F63DEA55CB83}.Debug|Any CPU.Build.0 = Debug|Any CPU
		{53CFC46C-E59D-46F9-854E-F63DEA55CB83}.Release|Any CPU.ActiveCfg = Release|Any CPU
		{53CFC46C-E59D-46F9-854E-F63DEA55CB83}.Release|Any CPU.Build.0 = Release|Any CPU
		{2A91250C-FA99-4832-B73D-D6D3FA925803}.Debug|Any CPU.ActiveCfg = Debug|Any CPU
		{2A91250C-FA99-4832-B73D-D6D3FA925803}.Debug|Any CPU.Build.0 = Debug|Any CPU
		{2A91250C-FA99-4832-B73D-D6D3FA925803}.Release|Any CPU.ActiveCfg = Release|Any CPU
		{2A91250C-FA99-4832-B73D-D6D3FA925803}.Release|Any CPU.Build.0 = Release|Any CPU
		{FF2BC9FF-51A4-4995-8556-79D92A66FD31}.Debug|Any CPU.ActiveCfg = Debug|Any CPU
		{FF2BC9FF-51A4-4995-8556-79D92A66FD31}.Debug|Any CPU.Build.0 = Debug|Any CPU
		{FF2BC9FF-51A4-4995-8556-79D92A66FD31}.Debug|Any CPU.Deploy.0 = Debug|Any CPU
		{FF2BC9FF-51A4-4995-8556-79D92A66FD31}.Release|Any CPU.ActiveCfg = Release|Any CPU
		{FF2BC9FF-51A4-4995-8556-79D92A66FD31}.Release|Any CPU.Build.0 = Release|Any CPU
		{FF2BC9FF-51A4-4995-8556-79D92A66FD31}.Release|Any CPU.Deploy.0 = Release|Any CPU
	EndGlobalSection
	GlobalSection(SolutionProperties) = preSolution
		HideSolutionNode = FALSE
	EndGlobalSection
	GlobalSection(ExtensibilityGlobals) = postSolution
		SolutionGuid = {62E59D5F-28B2-44A3-93E0-537CB187EA50}
	EndGlobalSection
EndGlobal
